
Microsoft Visual Studio Solution File, Format Version 12.00
# Visual Studio Version 16
VisualStudioVersion = 16.0.28803.352
MinimumVisualStudioVersion = 10.0.40219.1
Project("{FAE04EC0-301F-11D3-BF4B-00C04F79EFBC}") = "Tedd.ModuleLoader.ConsoleTest", "Tedd.ModuleLoader.ConsoleTest\Tedd.ModuleLoader.ConsoleTest.csproj", "{4B66D1FE-E54E-4722-903B-1F84F58AA596}"
EndProject
Project("{FAE04EC0-301F-11D3-BF4B-00C04F79EFBC}") = "Tedd.ModuleLoader", "Tedd.ModuleLoader\Tedd.ModuleLoader.csproj", "{BA94BEB2-9271-4417-ADEC-CE0DA2757700}"
EndProject
Project("{2150E333-8FDC-42A3-9474-1A3956D46DE8}") = "Tests", "Tests", "{4330E2CB-6A95-47AB-8DEE-7D1BC7C8AF56}"
EndProject
Project("{FAE04EC0-301F-11D3-BF4B-00C04F79EFBC}") = "Tedd.ModuleLoader.Test.Module1", "Tedd.ModuleLoader.Test.Module1\Tedd.ModuleLoader.Test.Module1.csproj", "{D2D7E7D1-A10B-4B28-BC1A-67654EA5EE46}"
EndProject
Project("{FAE04EC0-301F-11D3-BF4B-00C04F79EFBC}") = "Tedd.ModuleLoader.Test.Module2", "Tedd.ModuleLoader.Test.Module2\Tedd.ModuleLoader.Test.Module2.csproj", "{CCD51C2C-0C8E-4A41-A514-AF1BDD6D5260}"
EndProject
Project("{FAE04EC0-301F-11D3-BF4B-00C04F79EFBC}") = "Tedd.ModuleLoader.Test.Common", "Tedd.ModuleLoader.Test.Common\Tedd.ModuleLoader.Test.Common.csproj", "{D373CFC9-E8D3-4B5C-AD1E-EC1E40F9CB8C}"
EndProject
Project("{FAE04EC0-301F-11D3-BF4B-00C04F79EFBC}") = "Tedd.ModuleLoader.Test", "Tedd.ModuleLoader.Test\Tedd.ModuleLoader.Test.csproj", "{59B567A7-0C59-4075-900D-7071F254AF18}"
EndProject
Global
	GlobalSection(SolutionConfigurationPlatforms) = preSolution
		Debug|Any CPU = Debug|Any CPU
		Release|Any CPU = Release|Any CPU
	EndGlobalSection
	GlobalSection(ProjectConfigurationPlatforms) = postSolution
		{4B66D1FE-E54E-4722-903B-1F84F58AA596}.Debug|Any CPU.ActiveCfg = Debug|Any CPU
		{4B66D1FE-E54E-4722-903B-1F84F58AA596}.Debug|Any CPU.Build.0 = Debug|Any CPU
		{4B66D1FE-E54E-4722-903B-1F84F58AA596}.Release|Any CPU.ActiveCfg = Release|Any CPU
		{4B66D1FE-E54E-4722-903B-1F84F58AA596}.Release|Any CPU.Build.0 = Release|Any CPU
		{BA94BEB2-9271-4417-ADEC-CE0DA2757700}.Debug|Any CPU.ActiveCfg = Debug|Any CPU
		{BA94BEB2-9271-4417-ADEC-CE0DA2757700}.Debug|Any CPU.Build.0 = Debug|Any CPU
		{BA94BEB2-9271-4417-ADEC-CE0DA2757700}.Release|Any CPU.ActiveCfg = Release|Any CPU
		{BA94BEB2-9271-4417-ADEC-CE0DA2757700}.Release|Any CPU.Build.0 = Release|Any CPU
		{D2D7E7D1-A10B-4B28-BC1A-67654EA5EE46}.Debug|Any CPU.ActiveCfg = Debug|Any CPU
		{D2D7E7D1-A10B-4B28-BC1A-67654EA5EE46}.Debug|Any CPU.Build.0 = Debug|Any CPU
		{D2D7E7D1-A10B-4B28-BC1A-67654EA5EE46}.Release|Any CPU.ActiveCfg = Release|Any CPU
		{D2D7E7D1-A10B-4B28-BC1A-67654EA5EE46}.Release|Any CPU.Build.0 = Release|Any CPU
		{CCD51C2C-0C8E-4A41-A514-AF1BDD6D5260}.Debug|Any CPU.ActiveCfg = Debug|Any CPU
		{CCD51C2C-0C8E-4A41-A514-AF1BDD6D5260}.Debug|Any CPU.Build.0 = Debug|Any CPU
		{CCD51C2C-0C8E-4A41-A514-AF1BDD6D5260}.Release|Any CPU.ActiveCfg = Release|Any CPU
		{CCD51C2C-0C8E-4A41-A514-AF1BDD6D5260}.Release|Any CPU.Build.0 = Release|Any CPU
		{D373CFC9-E8D3-4B5C-AD1E-EC1E40F9CB8C}.Debug|Any CPU.ActiveCfg = Debug|Any CPU
		{D373CFC9-E8D3-4B5C-AD1E-EC1E40F9CB8C}.Debug|Any CPU.Build.0 = Debug|Any CPU
		{D373CFC9-E8D3-4B5C-AD1E-EC1E40F9CB8C}.Release|Any CPU.ActiveCfg = Release|Any CPU
		{D373CFC9-E8D3-4B5C-AD1E-EC1E40F9CB8C}.Release|Any CPU.Build.0 = Release|Any CPU
		{59B567A7-0C59-4075-900D-7071F254AF18}.Debug|Any CPU.ActiveCfg = Debug|Any CPU
		{59B567A7-0C59-4075-900D-7071F254AF18}.Debug|Any CPU.Build.0 = Debug|Any CPU
		{59B567A7-0C59-4075-900D-7071F254AF18}.Release|Any CPU.ActiveCfg = Release|Any CPU
		{59B567A7-0C59-4075-900D-7071F254AF18}.Release|Any CPU.Build.0 = Release|Any CPU
	EndGlobalSection
	GlobalSection(SolutionProperties) = preSolution
		HideSolutionNode = FALSE
	EndGlobalSection
	GlobalSection(NestedProjects) = preSolution
		{D2D7E7D1-A10B-4B28-BC1A-67654EA5EE46} = {4330E2CB-6A95-47AB-8DEE-7D1BC7C8AF56}
		{CCD51C2C-0C8E-4A41-A514-AF1BDD6D5260} = {4330E2CB-6A95-47AB-8DEE-7D1BC7C8AF56}
		{D373CFC9-E8D3-4B5C-AD1E-EC1E40F9CB8C} = {4330E2CB-6A95-47AB-8DEE-7D1BC7C8AF56}
		{59B567A7-0C59-4075-900D-7071F254AF18} = {4330E2CB-6A95-47AB-8DEE-7D1BC7C8AF56}
	EndGlobalSection
	GlobalSection(ExtensibilityGlobals) = postSolution
		SolutionGuid = {FA123587-74F6-4645-9D84-1CA73E2565D5}
	EndGlobalSection
EndGlobal
